
Microsoft Visual Studio Solution File, Format Version 12.00
# Visual Studio Version 17
VisualStudioVersion = 17.3.32929.385
MinimumVisualStudioVersion = 10.0.40219.1
Project("{9A19103F-16F7-4668-BE54-9A1E7A4F7556}") = "api_tarefas", "api_tarefas\api_tarefas.csproj", "{2C7CBE70-DA00-4271-B905-DF20EC8FA735}"
EndProject
Project("{FAE04EC0-301F-11D3-BF4B-00C04F79EFBC}") = "consumidor.api02", "consumidor.api02\consumidor.api02.csproj", "{412F60CF-7855-4890-972D-5ACECB37F745}"
EndProject
Project("{FAE04EC0-301F-11D3-BF4B-00C04F79EFBC}") = "consumidor.api01", "consumidor.api01\consumidor.api01.csproj", "{F4230869-5B9D-4C1E-B630-9CA984629E26}"
EndProject
Global
	GlobalSection(SolutionConfigurationPlatforms) = preSolution
		Debug|Any CPU = Debug|Any CPU
		Release|Any CPU = Release|Any CPU
	EndGlobalSection
	GlobalSection(ProjectConfigurationPlatforms) = postSolution
		{2C7CBE70-DA00-4271-B905-DF20EC8FA735}.Debug|Any CPU.ActiveCfg = Debug|Any CPU
		{2C7CBE70-DA00-4271-B905-DF20EC8FA735}.Debug|Any CPU.Build.0 = Debug|Any CPU
		{2C7CBE70-DA00-4271-B905-DF20EC8FA735}.Release|Any CPU.ActiveCfg = Release|Any CPU
		{2C7CBE70-DA00-4271-B905-DF20EC8FA735}.Release|Any CPU.Build.0 = Release|Any CPU
		{412F60CF-7855-4890-972D-5ACECB37F745}.Debug|Any CPU.ActiveCfg = Debug|Any CPU
		{412F60CF-7855-4890-972D-5ACECB37F745}.Debug|Any CPU.Build.0 = Debug|Any CPU
		{412F60CF-7855-4890-972D-5ACECB37F745}.Release|Any CPU.ActiveCfg = Release|Any CPU
		{412F60CF-7855-4890-972D-5ACECB37F745}.Release|Any CPU.Build.0 = Release|Any CPU
		{F4230869-5B9D-4C1E-B630-9CA984629E26}.Debug|Any CPU.ActiveCfg = Debug|Any CPU
		{F4230869-5B9D-4C1E-B630-9CA984629E26}.Debug|Any CPU.Build.0 = Debug|Any CPU
		{F4230869-5B9D-4C1E-B630-9CA984629E26}.Release|Any CPU.ActiveCfg = Release|Any CPU
		{F4230869-5B9D-4C1E-B630-9CA984629E26}.Release|Any CPU.Build.0 = Release|Any CPU
	EndGlobalSection
	GlobalSection(SolutionProperties) = preSolution
		HideSolutionNode = FALSE
	EndGlobalSection
	GlobalSection(ExtensibilityGlobals) = postSolution
		SolutionGuid = {59CDC237-517B-4A1E-AAE3-0F3EEC8F5601}
	EndGlobalSection
EndGlobal
